{
  "name": "razer-poc",
  "version": "1.0.0",
  "lockfileVersion": 1,
  "requires": true,
  "dependencies": {
    "dbus": {
      "version": "1.0.7",
      "resolved": "https://registry.npmjs.org/dbus/-/dbus-1.0.7.tgz",
      "integrity": "sha512-qba6/ajLoqzCy3Kl3aFgLXLP4TTf0qfgNjib1qoCJG/8HbSs0lDvxkz4nJU63CURZVzxvpK/VpQpT40KA8Kr3A==",
      "requires": {
        "nan": "^2.14.0"
      }
    },
    "nan": {
      "version": "2.14.2",
      "resolved": "https://registry.npmjs.org/nan/-/nan-2.14.2.tgz",
      "integrity": "sha512-M2ufzIiINKCuDfBSAUr1vWQ+vuVcA9kqx8JJUsbQi6yf1uGRyb7HfpdfUr5qLXf3B/t8dPvcjhKMmlfnP47EzQ=="
    }
  }
}
